
Microsoft Visual Studio Solution File, Format Version 12.00
# Visual Studio Version 16
VisualStudioVersion = 16.0.30309.148
MinimumVisualStudioVersion = 10.0.40219.1
Project("{2150E333-8FDC-42A3-9474-1A3956D46DE8}") = "01.Inheritance", "01.Inheritance", "{792E0802-BE44-4C69-BACB-EE58BB9A95C8}"
EndProject
Project("{2150E333-8FDC-42A3-9474-1A3956D46DE8}") = "02.Encapsulation", "02.Encapsulation", "{758F19F8-B611-4373-8280-9500F6A1EF68}"
EndProject
Project("{2150E333-8FDC-42A3-9474-1A3956D46DE8}") = "Ex01", "Ex01", "{4DDEF506-6EDE-4B14-977E-700A1ABF5F39}"
EndProject
Project("{9A19103F-16F7-4668-BE54-9A1E7A4F7556}") = "CustomRandomList", "01.Inheritance\CustomRandomList\CustomRandomList.csproj", "{8A107632-C488-4766-82A5-C79CA7C701CD}"
EndProject
Project("{9A19103F-16F7-4668-BE54-9A1E7A4F7556}") = "CustomStack", "01.Inheritance\CustomStack\CustomStack.csproj", "{245C21FB-D8FB-4F9F-9BE3-BB12FB4B2DF2}"
EndProject
Project("{9A19103F-16F7-4668-BE54-9A1E7A4F7556}") = "Farm", "01.Inheritance\Farm\Farm.csproj", "{1262CFDB-6B03-4CC6-A415-D82C65B770D7}"
EndProject
Project("{2150E333-8FDC-42A3-9474-1A3956D46DE8}") = "03.Interfaces", "03.Interfaces", "{14BE1E5C-E557-414C-9671-2AA59DBD389C}"
EndProject
Project("{9A19103F-16F7-4668-BE54-9A1E7A4F7556}") = "Animals", "Ex01\Animals\Animals.csproj", "{C1461949-2D59-404A-992C-2529DBA53E4F}"
EndProject
Project("{9A19103F-16F7-4668-BE54-9A1E7A4F7556}") = "NeedForSpeed", "Ex01\NeedForSpeed\NeedForSpeed.csproj", "{BEA49C70-85BA-422F-A057-F78195162A64}"
EndProject
Project("{9A19103F-16F7-4668-BE54-9A1E7A4F7556}") = "Person", "Ex01\Person\Person.csproj", "{673D3699-B0D8-4146-99F7-6DC9A3010F17}"
EndProject
Project("{9A19103F-16F7-4668-BE54-9A1E7A4F7556}") = "PlayersAndMonsters", "Ex01\PlayersAndMonsters\PlayersAndMonsters.csproj", "{B567C591-5FEB-41F2-8786-74B2C0EE547E}"
EndProject
Project("{9A19103F-16F7-4668-BE54-9A1E7A4F7556}") = "Restaurant", "Ex01\Restaurant\Restaurant.csproj", "{508BF5E6-4CA5-4EF3-AD72-504BAC50502A}"
EndProject
Project("{9A19103F-16F7-4668-BE54-9A1E7A4F7556}") = "Zoo", "Ex01\Zoo\Zoo.csproj", "{1288AABA-315D-4495-8AA4-2EE9D6C117D1}"
EndProject
Project("{9A19103F-16F7-4668-BE54-9A1E7A4F7556}") = "PersonsInfo", "02.Encapsulation\PersonsInfo\PersonsInfo.csproj", "{314A81E7-CF1F-4241-A1B1-53117C40DB2F}"
EndProject
Project("{9A19103F-16F7-4668-BE54-9A1E7A4F7556}") = "Cars", "03.Inheritance\Cars\Cars.csproj", "{58D5B111-6F62-47A8-9D11-F92ECDD6AE95}"
EndProject
Project("{9A19103F-16F7-4668-BE54-9A1E7A4F7556}") = "Shapes", "03.Inheritance\Shapes\Shapes.csproj", "{0FE6DF63-C922-445A-87DD-3370C2F4DB6C}"
EndProject
Project("{2150E333-8FDC-42A3-9474-1A3956D46DE8}") = "Ex02", "Ex02", "{F50FA597-293C-4473-8936-C6AEDC97D905}"
EndProject
Project("{9A19103F-16F7-4668-BE54-9A1E7A4F7556}") = "AnimalFarm", "Ex02\AnimalFarm\AnimalFarm.csproj", "{09A2D5BE-0C3E-462A-ACCB-7E97EE358E66}"
EndProject
Project("{9A19103F-16F7-4668-BE54-9A1E7A4F7556}") = "ClassBoxData", "Ex02\ClassBoxData\ClassBoxData.csproj", "{EEB75909-2269-44D0-8474-E922BBE5C06B}"
EndProject
Project("{9A19103F-16F7-4668-BE54-9A1E7A4F7556}") = "FootballTeam", "Ex02\FootballTeam\FootballTeam.csproj", "{8E84F5A3-1AC3-4712-9E6A-79D987BFE04B}"
EndProject
Project("{9A19103F-16F7-4668-BE54-9A1E7A4F7556}") = "PizzaCalories", "Ex02\PizzaCalories\PizzaCalories.csproj", "{946D5957-8103-42A1-881E-2E3CDE18BD17}"
EndProject
Project("{9A19103F-16F7-4668-BE54-9A1E7A4F7556}") = "Shopping Spree", "Ex02\Shopping Spree\Shopping Spree.csproj", "{193695E2-5177-4391-A41F-EEF6D8B6BA55}"
EndProject
Project("{2150E333-8FDC-42A3-9474-1A3956D46DE8}") = "Ex03", "Ex03", "{32E771B6-885C-4244-8CB3-DFFE19335590}"
EndProject
Project("{9A19103F-16F7-4668-BE54-9A1E7A4F7556}") = "PersonInfo", "PersonInfo\PersonInfo.csproj", "{BEFDDCEB-DAAC-4A73-9AA7-997734B61769}"
EndProject
Project("{9A19103F-16F7-4668-BE54-9A1E7A4F7556}") = "PhonesSoftware", "PhonesSoftware\PhonesSoftware.csproj", "{AE4CE4B1-C709-4066-A998-C884921D9021}"
EndProject
Project("{9A19103F-16F7-4668-BE54-9A1E7A4F7556}") = "BorderControl", "BorderControl\BorderControl.csproj", "{EF2BFB69-1EF5-48EC-B1A8-D1CFBB99BA5E}"
EndProject
Project("{9A19103F-16F7-4668-BE54-9A1E7A4F7556}") = "Birtdays", "Birtdays\Birtdays.csproj", "{5179E510-B67E-4532-9B4B-6F5C30CF7D4D}"
EndProject
Project("{9A19103F-16F7-4668-BE54-9A1E7A4F7556}") = "Military", "Military\Military.csproj", "{ABD5629C-229D-4F59-9DF0-D12AA1F1EDC6}"
EndProject
Project("{FAE04EC0-301F-11D3-BF4B-00C04F79EFBC}") = "CollectionHirahy", "CollectionHirahy\CollectionHirahy.csproj", "{EAF27EE9-4CAF-44A8-B3A7-47428CA03C55}"
EndProject
Project("{FAE04EC0-301F-11D3-BF4B-00C04F79EFBC}") = "ExcplicitInterfaces", "ExcplicitInterfaces\ExcplicitInterfaces.csproj", "{41AD9323-BA11-4659-92C4-6CA8749145A1}"
EndProject
Project("{2150E333-8FDC-42A3-9474-1A3956D46DE8}") = "Solution Items", "Solution Items", "{2733FA3B-F41E-4057-A218-F9FDCE6DE34F}"
	ProjectSection(SolutionItems) = preProject
		.editorconfig = .editorconfig
	EndProjectSection
EndProject
Global
	GlobalSection(SolutionConfigurationPlatforms) = preSolution
		Debug|Any CPU = Debug|Any CPU
		Release|Any CPU = Release|Any CPU
	EndGlobalSection
	GlobalSection(ProjectConfigurationPlatforms) = postSolution
		{8A107632-C488-4766-82A5-C79CA7C701CD}.Debug|Any CPU.ActiveCfg = Debug|Any CPU
		{8A107632-C488-4766-82A5-C79CA7C701CD}.Debug|Any CPU.Build.0 = Debug|Any CPU
		{8A107632-C488-4766-82A5-C79CA7C701CD}.Release|Any CPU.ActiveCfg = Release|Any CPU
		{8A107632-C488-4766-82A5-C79CA7C701CD}.Release|Any CPU.Build.0 = Release|Any CPU
		{245C21FB-D8FB-4F9F-9BE3-BB12FB4B2DF2}.Debug|Any CPU.ActiveCfg = Debug|Any CPU
		{245C21FB-D8FB-4F9F-9BE3-BB12FB4B2DF2}.Debug|Any CPU.Build.0 = Debug|Any CPU
		{245C21FB-D8FB-4F9F-9BE3-BB12FB4B2DF2}.Release|Any CPU.ActiveCfg = Release|Any CPU
		{245C21FB-D8FB-4F9F-9BE3-BB12FB4B2DF2}.Release|Any CPU.Build.0 = Release|Any CPU
		{1262CFDB-6B03-4CC6-A415-D82C65B770D7}.Debug|Any CPU.ActiveCfg = Debug|Any CPU
		{1262CFDB-6B03-4CC6-A415-D82C65B770D7}.Debug|Any CPU.Build.0 = Debug|Any CPU
		{1262CFDB-6B03-4CC6-A415-D82C65B770D7}.Release|Any CPU.ActiveCfg = Release|Any CPU
		{1262CFDB-6B03-4CC6-A415-D82C65B770D7}.Release|Any CPU.Build.0 = Release|Any CPU
		{C1461949-2D59-404A-992C-2529DBA53E4F}.Debug|Any CPU.ActiveCfg = Debug|Any CPU
		{C1461949-2D59-404A-992C-2529DBA53E4F}.Debug|Any CPU.Build.0 = Debug|Any CPU
		{C1461949-2D59-404A-992C-2529DBA53E4F}.Release|Any CPU.ActiveCfg = Release|Any CPU
		{C1461949-2D59-404A-992C-2529DBA53E4F}.Release|Any CPU.Build.0 = Release|Any CPU
		{BEA49C70-85BA-422F-A057-F78195162A64}.Debug|Any CPU.ActiveCfg = Debug|Any CPU
		{BEA49C70-85BA-422F-A057-F78195162A64}.Debug|Any CPU.Build.0 = Debug|Any CPU
		{BEA49C70-85BA-422F-A057-F78195162A64}.Release|Any CPU.ActiveCfg = Release|Any CPU
		{BEA49C70-85BA-422F-A057-F78195162A64}.Release|Any CPU.Build.0 = Release|Any CPU
		{673D3699-B0D8-4146-99F7-6DC9A3010F17}.Debug|Any CPU.ActiveCfg = Debug|Any CPU
		{673D3699-B0D8-4146-99F7-6DC9A3010F17}.Debug|Any CPU.Build.0 = Debug|Any CPU
		{673D3699-B0D8-4146-99F7-6DC9A3010F17}.Release|Any CPU.ActiveCfg = Release|Any CPU
		{673D3699-B0D8-4146-99F7-6DC9A3010F17}.Release|Any CPU.Build.0 = Release|Any CPU
		{B567C591-5FEB-41F2-8786-74B2C0EE547E}.Debug|Any CPU.ActiveCfg = Debug|Any CPU
		{B567C591-5FEB-41F2-8786-74B2C0EE547E}.Debug|Any CPU.Build.0 = Debug|Any CPU
		{B567C591-5FEB-41F2-8786-74B2C0EE547E}.Release|Any CPU.ActiveCfg = Release|Any CPU
		{B567C591-5FEB-41F2-8786-74B2C0EE547E}.Release|Any CPU.Build.0 = Release|Any CPU
		{508BF5E6-4CA5-4EF3-AD72-504BAC50502A}.Debug|Any CPU.ActiveCfg = Debug|Any CPU
		{508BF5E6-4CA5-4EF3-AD72-504BAC50502A}.Debug|Any CPU.Build.0 = Debug|Any CPU
		{508BF5E6-4CA5-4EF3-AD72-504BAC50502A}.Release|Any CPU.ActiveCfg = Release|Any CPU
		{508BF5E6-4CA5-4EF3-AD72-504BAC50502A}.Release|Any CPU.Build.0 = Release|Any CPU
		{1288AABA-315D-4495-8AA4-2EE9D6C117D1}.Debug|Any CPU.ActiveCfg = Debug|Any CPU
		{1288AABA-315D-4495-8AA4-2EE9D6C117D1}.Debug|Any CPU.Build.0 = Debug|Any CPU
		{1288AABA-315D-4495-8AA4-2EE9D6C117D1}.Release|Any CPU.ActiveCfg = Release|Any CPU
		{1288AABA-315D-4495-8AA4-2EE9D6C117D1}.Release|Any CPU.Build.0 = Release|Any CPU
		{314A81E7-CF1F-4241-A1B1-53117C40DB2F}.Debug|Any CPU.ActiveCfg = Debug|Any CPU
		{314A81E7-CF1F-4241-A1B1-53117C40DB2F}.Debug|Any CPU.Build.0 = Debug|Any CPU
		{314A81E7-CF1F-4241-A1B1-53117C40DB2F}.Release|Any CPU.ActiveCfg = Release|Any CPU
		{314A81E7-CF1F-4241-A1B1-53117C40DB2F}.Release|Any CPU.Build.0 = Release|Any CPU
		{58D5B111-6F62-47A8-9D11-F92ECDD6AE95}.Debug|Any CPU.ActiveCfg = Debug|Any CPU
		{58D5B111-6F62-47A8-9D11-F92ECDD6AE95}.Debug|Any CPU.Build.0 = Debug|Any CPU
		{58D5B111-6F62-47A8-9D11-F92ECDD6AE95}.Release|Any CPU.ActiveCfg = Release|Any CPU
		{58D5B111-6F62-47A8-9D11-F92ECDD6AE95}.Release|Any CPU.Build.0 = Release|Any CPU
		{0FE6DF63-C922-445A-87DD-3370C2F4DB6C}.Debug|Any CPU.ActiveCfg = Debug|Any CPU
		{0FE6DF63-C922-445A-87DD-3370C2F4DB6C}.Debug|Any CPU.Build.0 = Debug|Any CPU
		{0FE6DF63-C922-445A-87DD-3370C2F4DB6C}.Release|Any CPU.ActiveCfg = Release|Any CPU
		{0FE6DF63-C922-445A-87DD-3370C2F4DB6C}.Release|Any CPU.Build.0 = Release|Any CPU
		{09A2D5BE-0C3E-462A-ACCB-7E97EE358E66}.Debug|Any CPU.ActiveCfg = Debug|Any CPU
		{09A2D5BE-0C3E-462A-ACCB-7E97EE358E66}.Debug|Any CPU.Build.0 = Debug|Any CPU
		{09A2D5BE-0C3E-462A-ACCB-7E97EE358E66}.Release|Any CPU.ActiveCfg = Release|Any CPU
		{09A2D5BE-0C3E-462A-ACCB-7E97EE358E66}.Release|Any CPU.Build.0 = Release|Any CPU
		{EEB75909-2269-44D0-8474-E922BBE5C06B}.Debug|Any CPU.ActiveCfg = Debug|Any CPU
		{EEB75909-2269-44D0-8474-E922BBE5C06B}.Debug|Any CPU.Build.0 = Debug|Any CPU
		{EEB75909-2269-44D0-8474-E922BBE5C06B}.Release|Any CPU.ActiveCfg = Release|Any CPU
		{EEB75909-2269-44D0-8474-E922BBE5C06B}.Release|Any CPU.Build.0 = Release|Any CPU
		{8E84F5A3-1AC3-4712-9E6A-79D987BFE04B}.Debug|Any CPU.ActiveCfg = Debug|Any CPU
		{8E84F5A3-1AC3-4712-9E6A-79D987BFE04B}.Debug|Any CPU.Build.0 = Debug|Any CPU
		{8E84F5A3-1AC3-4712-9E6A-79D987BFE04B}.Release|Any CPU.ActiveCfg = Release|Any CPU
		{8E84F5A3-1AC3-4712-9E6A-79D987BFE04B}.Release|Any CPU.Build.0 = Release|Any CPU
		{946D5957-8103-42A1-881E-2E3CDE18BD17}.Debug|Any CPU.ActiveCfg = Debug|Any CPU
		{946D5957-8103-42A1-881E-2E3CDE18BD17}.Debug|Any CPU.Build.0 = Debug|Any CPU
		{946D5957-8103-42A1-881E-2E3CDE18BD17}.Release|Any CPU.ActiveCfg = Release|Any CPU
		{946D5957-8103-42A1-881E-2E3CDE18BD17}.Release|Any CPU.Build.0 = Release|Any CPU
		{193695E2-5177-4391-A41F-EEF6D8B6BA55}.Debug|Any CPU.ActiveCfg = Debug|Any CPU
		{193695E2-5177-4391-A41F-EEF6D8B6BA55}.Debug|Any CPU.Build.0 = Debug|Any CPU
		{193695E2-5177-4391-A41F-EEF6D8B6BA55}.Release|Any CPU.ActiveCfg = Release|Any CPU
		{193695E2-5177-4391-A41F-EEF6D8B6BA55}.Release|Any CPU.Build.0 = Release|Any CPU
		{BEFDDCEB-DAAC-4A73-9AA7-997734B61769}.Debug|Any CPU.ActiveCfg = Debug|Any CPU
		{BEFDDCEB-DAAC-4A73-9AA7-997734B61769}.Debug|Any CPU.Build.0 = Debug|Any CPU
		{BEFDDCEB-DAAC-4A73-9AA7-997734B61769}.Release|Any CPU.ActiveCfg = Release|Any CPU
		{BEFDDCEB-DAAC-4A73-9AA7-997734B61769}.Release|Any CPU.Build.0 = Release|Any CPU
		{AE4CE4B1-C709-4066-A998-C884921D9021}.Debug|Any CPU.ActiveCfg = Debug|Any CPU
		{AE4CE4B1-C709-4066-A998-C884921D9021}.Debug|Any CPU.Build.0 = Debug|Any CPU
		{AE4CE4B1-C709-4066-A998-C884921D9021}.Release|Any CPU.ActiveCfg = Release|Any CPU
		{AE4CE4B1-C709-4066-A998-C884921D9021}.Release|Any CPU.Build.0 = Release|Any CPU
		{EF2BFB69-1EF5-48EC-B1A8-D1CFBB99BA5E}.Debug|Any CPU.ActiveCfg = Debug|Any CPU
		{EF2BFB69-1EF5-48EC-B1A8-D1CFBB99BA5E}.Debug|Any CPU.Build.0 = Debug|Any CPU
		{EF2BFB69-1EF5-48EC-B1A8-D1CFBB99BA5E}.Release|Any CPU.ActiveCfg = Release|Any CPU
		{EF2BFB69-1EF5-48EC-B1A8-D1CFBB99BA5E}.Release|Any CPU.Build.0 = Release|Any CPU
		{5179E510-B67E-4532-9B4B-6F5C30CF7D4D}.Debug|Any CPU.ActiveCfg = Debug|Any CPU
		{5179E510-B67E-4532-9B4B-6F5C30CF7D4D}.Debug|Any CPU.Build.0 = Debug|Any CPU
		{5179E510-B67E-4532-9B4B-6F5C30CF7D4D}.Release|Any CPU.ActiveCfg = Release|Any CPU
		{5179E510-B67E-4532-9B4B-6F5C30CF7D4D}.Release|Any CPU.Build.0 = Release|Any CPU
		{ABD5629C-229D-4F59-9DF0-D12AA1F1EDC6}.Debug|Any CPU.ActiveCfg = Debug|Any CPU
		{ABD5629C-229D-4F59-9DF0-D12AA1F1EDC6}.Debug|Any CPU.Build.0 = Debug|Any CPU
		{ABD5629C-229D-4F59-9DF0-D12AA1F1EDC6}.Release|Any CPU.ActiveCfg = Release|Any CPU
		{ABD5629C-229D-4F59-9DF0-D12AA1F1EDC6}.Release|Any CPU.Build.0 = Release|Any CPU
		{EAF27EE9-4CAF-44A8-B3A7-47428CA03C55}.Debug|Any CPU.ActiveCfg = Debug|Any CPU
		{EAF27EE9-4CAF-44A8-B3A7-47428CA03C55}.Debug|Any CPU.Build.0 = Debug|Any CPU
		{EAF27EE9-4CAF-44A8-B3A7-47428CA03C55}.Release|Any CPU.ActiveCfg = Release|Any CPU
		{EAF27EE9-4CAF-44A8-B3A7-47428CA03C55}.Release|Any CPU.Build.0 = Release|Any CPU
		{41AD9323-BA11-4659-92C4-6CA8749145A1}.Debug|Any CPU.ActiveCfg = Debug|Any CPU
		{41AD9323-BA11-4659-92C4-6CA8749145A1}.Debug|Any CPU.Build.0 = Debug|Any CPU
		{41AD9323-BA11-4659-92C4-6CA8749145A1}.Release|Any CPU.ActiveCfg = Release|Any CPU
		{41AD9323-BA11-4659-92C4-6CA8749145A1}.Release|Any CPU.Build.0 = Release|Any CPU
	EndGlobalSection
	GlobalSection(SolutionProperties) = preSolution
		HideSolutionNode = FALSE
	EndGlobalSection
	GlobalSection(NestedProjects) = preSolution
		{8A107632-C488-4766-82A5-C79CA7C701CD} = {792E0802-BE44-4C69-BACB-EE58BB9A95C8}
		{245C21FB-D8FB-4F9F-9BE3-BB12FB4B2DF2} = {792E0802-BE44-4C69-BACB-EE58BB9A95C8}
		{1262CFDB-6B03-4CC6-A415-D82C65B770D7} = {792E0802-BE44-4C69-BACB-EE58BB9A95C8}
		{C1461949-2D59-404A-992C-2529DBA53E4F} = {4DDEF506-6EDE-4B14-977E-700A1ABF5F39}
		{BEA49C70-85BA-422F-A057-F78195162A64} = {4DDEF506-6EDE-4B14-977E-700A1ABF5F39}
		{673D3699-B0D8-4146-99F7-6DC9A3010F17} = {4DDEF506-6EDE-4B14-977E-700A1ABF5F39}
		{B567C591-5FEB-41F2-8786-74B2C0EE547E} = {4DDEF506-6EDE-4B14-977E-700A1ABF5F39}
		{508BF5E6-4CA5-4EF3-AD72-504BAC50502A} = {4DDEF506-6EDE-4B14-977E-700A1ABF5F39}
		{1288AABA-315D-4495-8AA4-2EE9D6C117D1} = {4DDEF506-6EDE-4B14-977E-700A1ABF5F39}
		{314A81E7-CF1F-4241-A1B1-53117C40DB2F} = {758F19F8-B611-4373-8280-9500F6A1EF68}
		{58D5B111-6F62-47A8-9D11-F92ECDD6AE95} = {14BE1E5C-E557-414C-9671-2AA59DBD389C}
		{0FE6DF63-C922-445A-87DD-3370C2F4DB6C} = {14BE1E5C-E557-414C-9671-2AA59DBD389C}
		{09A2D5BE-0C3E-462A-ACCB-7E97EE358E66} = {F50FA597-293C-4473-8936-C6AEDC97D905}
		{EEB75909-2269-44D0-8474-E922BBE5C06B} = {F50FA597-293C-4473-8936-C6AEDC97D905}
		{8E84F5A3-1AC3-4712-9E6A-79D987BFE04B} = {F50FA597-293C-4473-8936-C6AEDC97D905}
		{946D5957-8103-42A1-881E-2E3CDE18BD17} = {F50FA597-293C-4473-8936-C6AEDC97D905}
		{193695E2-5177-4391-A41F-EEF6D8B6BA55} = {F50FA597-293C-4473-8936-C6AEDC97D905}
		{BEFDDCEB-DAAC-4A73-9AA7-997734B61769} = {32E771B6-885C-4244-8CB3-DFFE19335590}
		{AE4CE4B1-C709-4066-A998-C884921D9021} = {32E771B6-885C-4244-8CB3-DFFE19335590}
		{EF2BFB69-1EF5-48EC-B1A8-D1CFBB99BA5E} = {32E771B6-885C-4244-8CB3-DFFE19335590}
		{5179E510-B67E-4532-9B4B-6F5C30CF7D4D} = {32E771B6-885C-4244-8CB3-DFFE19335590}
		{ABD5629C-229D-4F59-9DF0-D12AA1F1EDC6} = {32E771B6-885C-4244-8CB3-DFFE19335590}
		{EAF27EE9-4CAF-44A8-B3A7-47428CA03C55} = {32E771B6-885C-4244-8CB3-DFFE19335590}
		{41AD9323-BA11-4659-92C4-6CA8749145A1} = {32E771B6-885C-4244-8CB3-DFFE19335590}
	EndGlobalSection
	GlobalSection(ExtensibilityGlobals) = postSolution
		SolutionGuid = {5D5DFF3A-C3DA-4D35-A532-8DF9886F7E6E}
	EndGlobalSection
EndGlobal
