
Microsoft Visual Studio Solution File, Format Version 12.00
# Visual Studio Version 16
VisualStudioVersion = 16.0.30309.148
MinimumVisualStudioVersion = 10.0.40219.1
Project("{2150E333-8FDC-42A3-9474-1A3956D46DE8}") = "01.Inheritance", "01.Inheritance", "{792E0802-BE44-4C69-BACB-EE58BB9A95C8}"
EndProject
Project("{2150E333-8FDC-42A3-9474-1A3956D46DE8}") = "Lab", "Lab", "{B9D89A4A-B8E6-4683-A159-F484A05E49CA}"
EndProject
Project("{FAE04EC0-301F-11D3-BF4B-00C04F79EFBC}") = "01.First_inheritance", "01.First_inheritance\01.First_inheritance.csproj", "{EC1F3D49-AEB0-4D9C-85FF-58535161437D}"
EndProject
Global
	GlobalSection(SolutionConfigurationPlatforms) = preSolution
		Debug|Any CPU = Debug|Any CPU
		Release|Any CPU = Release|Any CPU
	EndGlobalSection
	GlobalSection(ProjectConfigurationPlatforms) = postSolution
		{EC1F3D49-AEB0-4D9C-85FF-58535161437D}.Debug|Any CPU.ActiveCfg = Debug|Any CPU
		{EC1F3D49-AEB0-4D9C-85FF-58535161437D}.Debug|Any CPU.Build.0 = Debug|Any CPU
		{EC1F3D49-AEB0-4D9C-85FF-58535161437D}.Release|Any CPU.ActiveCfg = Release|Any CPU
		{EC1F3D49-AEB0-4D9C-85FF-58535161437D}.Release|Any CPU.Build.0 = Release|Any CPU
	EndGlobalSection
	GlobalSection(SolutionProperties) = preSolution
		HideSolutionNode = FALSE
	EndGlobalSection
	GlobalSection(NestedProjects) = preSolution
		{B9D89A4A-B8E6-4683-A159-F484A05E49CA} = {792E0802-BE44-4C69-BACB-EE58BB9A95C8}
		{EC1F3D49-AEB0-4D9C-85FF-58535161437D} = {B9D89A4A-B8E6-4683-A159-F484A05E49CA}
	EndGlobalSection
	GlobalSection(ExtensibilityGlobals) = postSolution
		SolutionGuid = {5D5DFF3A-C3DA-4D35-A532-8DF9886F7E6E}
	EndGlobalSection
EndGlobal
